{
  "version": 4,
  "terraform_version": "1.6.2",
  "serial": 2,
  "lineage": "68815605-d51f-263b-470d-e3c6f0ac08ae",
  "outputs": {
    "result_input_zones": {
      "value": [
        "us-west-3a"
      ],
      "type": [
        "list",
        "string"
      ]
    }
  },
  "resources": [
    {
      "mode": "managed",
      "type": "local_file",
      "name": "f_example",
      "provider": "provider[\"registry.terraform.io/hashicorp/local\"]",
      "instances": [
        {
          "schema_version": 0,
          "attributes": {
            "content": "Kurs Terraform GCP",
            "content_base64": null,
            "content_base64sha256": "Q+OXB/kcZ3GqaEvdrArhNpqTMDhxWGEtaNom2cUnFeg=",
            "content_base64sha512": "Bgzx7FgyeYiFHht1gGMszRvDD96TWFM4qjpK7mw8xSfMMoIh2BP19UFwxdkicpevfMTc8uoJN2ETLqXuAIghaw==",
            "content_md5": "231ab92be993fb4aff32bb55e4fb2229",
            "content_sha1": "94b4d7b891e6ca360264c9563e7556275602359b",
            "content_sha256": "43e39707f91c6771aa684bddac0ae1369a9330387158612d68da26d9c52715e8",
            "content_sha512": "060cf1ec58327988851e1b7580632ccd1bc30fde93585338aa3a4aee6c3cc527cc328221d813f5f54170c5d9227297af7cc4dcf2ea093761132ea5ee0088216b",
            "directory_permission": "0777",
            "file_permission": "0644",
            "filename": "example.txt",
            "id": "94b4d7b891e6ca360264c9563e7556275602359b",
            "sensitive_content": null,
            "source": null
          },
          "sensitive_attributes": []
        }
      ]
    },
    {
      "mode": "managed",
      "type": "random_shuffle",
      "name": "r_shuff",
      "provider": "provider[\"registry.terraform.io/hashicorp/random\"]",
      "instances": [
        {
          "schema_version": 0,
          "attributes": {
            "id": "-",
            "input": [
              "us-west-1a",
              "us-west-2a",
              "us-west-3a",
              "us-west-4a"
            ],
            "keepers": null,
            "result": [
              "us-west-3a"
            ],
            "result_count": 1,
            "seed": null
          },
          "sensitive_attributes": []
        }
      ]
    }
  ],
  "check_results": null
}
